// !$*UTF8*$!
{
	archiveVersion = 1;
	classes = {
	};
	objectVersion = 46;
	objects = {

/* Begin PBXBuildFile section */
		DF271EAC1F3DBB9600ED075C /* ChecklistItem.swift in Sources */ = {isa = PBXBuildFile; fileRef = DF271EAB1F3DBB9600ED075C /* ChecklistItem.swift */; };
		DF271EAE1F3DC56100ED075C /* AddItemViewController.swift in Sources */ = {isa = PBXBuildFile; fileRef = DF271EAD1F3DC56100ED075C /* AddItemViewController.swift */; };
		DF6616EF1F252EC800FA1942 /* AppDelegate.swift in Sources */ = {isa = PBXBuildFile; fileRef = DF6616EE1F252EC800FA1942 /* AppDelegate.swift */; };
		DF6616F11F252EC800FA1942 /* ChecklistViewController.swift in Sources */ = {isa = PBXBuildFile; fileRef = DF6616F01F252EC800FA1942 /* ChecklistViewController.swift */; };
		DF6616F41F252EC800FA1942 /* Main.storyboard in Resources */ = {isa = PBXBuildFile; fileRef = DF6616F21F252EC800FA1942 /* Main.storyboard */; };
		DF6616F61F252EC800FA1942 /* Assets.xcassets in Resources */ = {isa = PBXBuildFile; fileRef = DF6616F51F252EC800FA1942 /* Assets.xcassets */; };
		DF6616F91F252EC800FA1942 /* LaunchScreen.storyboard in Resources */ = {isa = PBXBuildFile; fileRef = DF6616F71F252EC800FA1942 /* LaunchScreen.storyboard */; };
/* End PBXBuildFile section */

/* Begin PBXFileReference section */
		DF271EAB1F3DBB9600ED075C /* ChecklistItem.swift */ = {isa = PBXFileReference; fileEncoding = 4; lastKnownFileType = sourcecode.swift; path = ChecklistItem.swift; sourceTree = "<group>"; };
		DF271EAD1F3DC56100ED075C /* AddItemViewController.swift */ = {isa = PBXFileReference; fileEncoding = 4; lastKnownFileType = sourcecode.swift; path = AddItemViewController.swift; sourceTree = "<group>"; };
		DF6616EB1F252EC800FA1942 /* Checklists.app */ = {isa = PBXFileReference; explicitFileType = wrapper.application; includeInIndex = 0; path = Checklists.app; sourceTree = BUILT_PRODUCTS_DIR; };
		DF6616EE1F252EC800FA1942 /* AppDelegate.swift */ = {isa = PBXFileReference; lastKnownFileType = sourcecode.swift; path = AppDelegate.swift; sourceTree = "<group>"; };
		DF6616F01F252EC800FA1942 /* ChecklistViewController.swift */ = {isa = PBXFileReference; lastKnownFileType = sourcecode.swift; path = ChecklistViewController.swift; sourceTree = "<group>"; };
		DF6616F31F252EC800FA1942 /* Base */ = {isa = PBXFileReference; lastKnownFileType = file.storyboard; name = Base; path = Base.lproj/Main.storyboard; sourceTree = "<group>"; };
		DF6616F51F252EC800FA1942 /* Assets.xcassets */ = {isa = PBXFileReference; lastKnownFileType = folder.assetcatalog; path = Assets.xcassets; sourceTree = "<group>"; };
		DF6616F81F252EC800FA1942 /* Base */ = {isa = PBXFileReference; lastKnownFileType = file.storyboard; name = Base; path = Base.lproj/LaunchScreen.storyboard; sourceTree = "<group>"; };
		DF6616FA1F252EC800FA1942 /* Info.plist */ = {isa = PBXFileReference; lastKnownFileType = text.plist.xml; path = Info.plist; sourceTree = "<group>"; };
/* End PBXFileReference section */

/* Begin PBXFrameworksBuildPhase section */
		DF6616E81F252EC800FA1942 /* Frameworks */ = {
			isa = PBXFrameworksBuildPhase;
			buildActionMask = 2147483647;
			files = (
			);
			runOnlyForDeploymentPostprocessing = 0;
		};
/* End PBXFrameworksBuildPhase section */

/* Begin PBXGroup section */
		DF6616E21F252EC800FA1942 = {
			isa = PBXGroup;
			children = (
				DF6616ED1F252EC800FA1942 /* Checklists */,
				DF6616EC1F252EC800FA1942 /* Products */,
			);
			sourceTree = "<group>";
		};
		DF6616EC1F252EC800FA1942 /* Products */ = {
			isa = PBXGroup;
			children = (
				DF6616EB1F252EC800FA1942 /* Checklists.app */,
			);
			name = Products;
			sourceTree = "<group>";
		};
		DF6616ED1F252EC800FA1942 /* Checklists */ = {
			isa = PBXGroup;
			children = (
				DF271EAD1F3DC56100ED075C /* AddItemViewController.swift */,
				DF6616EE1F252EC800FA1942 /* AppDelegate.swift */,
				DF6616F51F252EC800FA1942 /* Assets.xcassets */,
				DF271EAB1F3DBB9600ED075C /* ChecklistItem.swift */,
				DF6616F01F252EC800FA1942 /* ChecklistViewController.swift */,
				DF6616FA1F252EC800FA1942 /* Info.plist */,
				DF6616F71F252EC800FA1942 /* LaunchScreen.storyboard */,
				DF6616F21F252EC800FA1942 /* Main.storyboard */,
			);
			path = Checklists;
			sourceTree = "<group>";
		};
/* End PBXGroup section */

/* Begin PBXNativeTarget section */
		DF6616EA1F252EC800FA1942 /* Checklists */ = {
			isa = PBXNativeTarget;
			buildConfigurationList = DF6616FD1F252EC800FA1942 /* Build configuration list for PBXNativeTarget "Checklists" */;
			buildPhases = (
				DF6616E71F252EC800FA1942 /* Sources */,
				DF6616E81F252EC800FA1942 /* Frameworks */,
				DF6616E91F252EC800FA1942 /* Resources */,
			);
			buildRules = (
			);
			dependencies = (
			);
			name = Checklists;
			productName = Checklists;
			productReference = DF6616EB1F252EC800FA1942 /* Checklists.app */;
			productType = "com.apple.product-type.application";
		};
/* End PBXNativeTarget section */

/* Begin PBXProject section */
		DF6616E31F252EC800FA1942 /* Project object */ = {
			isa = PBXProject;
			attributes = {
				LastSwiftUpdateCheck = 0830;
				LastUpgradeCheck = 0830;
				ORGANIZATIONNAME = "Marcel Kraus";
				TargetAttributes = {
					DF6616EA1F252EC800FA1942 = {
						CreatedOnToolsVersion = 8.3.2;
						DevelopmentTeam = N8P95HFNCS;
						ProvisioningStyle = Automatic;
					};
				};
			};
			buildConfigurationList = DF6616E61F252EC800FA1942 /* Build configuration list for PBXProject "Checklists" */;
			compatibilityVersion = "Xcode 3.2";
			developmentRegion = English;
			hasScannedForEncodings = 0;
			knownRegions = (
				en,
				Base,
			);
			mainGroup = DF6616E21F252EC800FA1942;
			productRefGroup = DF6616EC1F252EC800FA1942 /* Products */;
			projectDirPath = "";
			projectRoot = "";
			targets = (
				DF6616EA1F252EC800FA1942 /* Checklists */,
			);
		};
/* End PBXProject section */

/* Begin PBXResourcesBuildPhase section */
		DF6616E91F252EC800FA1942 /* Resources */ = {
			isa = PBXResourcesBuildPhase;
			buildActionMask = 2147483647;
			files = (
				DF6616F91F252EC800FA1942 /* LaunchScreen.storyboard in Resources */,
				DF6616F61F252EC800FA1942 /* Assets.xcassets in Resources */,
				DF6616F41F252EC800FA1942 /* Main.storyboard in Resources */,
			);
			runOnlyForDeploymentPostprocessing = 0;
		};
/* End PBXResourcesBuildPhase section */

/* Begin PBXSourcesBuildPhase section */
		DF6616E71F252EC800FA1942 /* Sources */ = {
			isa = PBXSourcesBuildPhase;
			buildActionMask = 2147483647;
			files = (
				DF6616F11F252EC800FA1942 /* ChecklistViewController.swift in Sources */,
				DF271EAE1F3DC56100ED075C /* AddItemViewController.swift in Sources */,
				DF271EAC1F3DBB9600ED075C /* ChecklistItem.swift in Sources */,
				DF6616EF1F252EC800FA1942 /* AppDelegate.swift in Sources */,
			);
			runOnlyForDeploymentPostprocessing = 0;
		};
/* End PBXSourcesBuildPhase section */

/* Begin PBXVariantGroup section */
		DF6616F21F252EC800FA1942 /* Main.storyboard */ = {
			isa = PBXVariantGroup;
			children = (
				DF6616F31F252EC800FA1942 /* Base */,
			);
			name = Main.storyboard;
			sourceTree = "<group>";
		};
		DF6616F71F252EC800FA1942 /* LaunchScreen.storyboard */ = {
			isa = PBXVariantGroup;
			children = (
				DF6616F81F252EC800FA1942 /* Base */,
			);
			name = LaunchScreen.storyboard;
			sourceTree = "<group>";
		};
/* End PBXVariantGroup section */

/* Begin XCBuildConfiguration section */
		DF6616FB1F252EC800FA1942 /* Debug */ = {
			isa = XCBuildConfiguration;
			buildSettings = {
				ALWAYS_SEARCH_USER_PATHS = NO;
				CLANG_ANALYZER_NONNULL = YES;
				CLANG_ANALYZER_NUMBER_OBJECT_CONVERSION = YES_AGGRESSIVE;
				CLANG_CXX_LANGUAGE_STANDARD = "gnu++0x";
				CLANG_CXX_LIBRARY = "libc++";
				CLANG_ENABLE_MODULES = YES;
				CLANG_ENABLE_OBJC_ARC = YES;
				CLANG_WARN_BOOL_CONVERSION = YES;
				CLANG_WARN_CONSTANT_CONVERSION = YES;
				CLANG_WARN_DIRECT_OBJC_ISA_USAGE = YES_ERROR;
				CLANG_WARN_DOCUMENTATION_COMMENTS = YES;
				CLANG_WARN_EMPTY_BODY = YES;
				CLANG_WARN_ENUM_CONVERSION = YES;
				CLANG_WARN_INFINITE_RECURSION = YES;
				CLANG_WARN_INT_CONVERSION = YES;
				CLANG_WARN_OBJC_ROOT_CLASS = YES_ERROR;
				CLANG_WARN_SUSPICIOUS_MOVE = YES;
				CLANG_WARN_UNREACHABLE_CODE = YES;
				CLANG_WARN__DUPLICATE_METHOD_MATCH = YES;
				"CODE_SIGN_IDENTITY[sdk=iphoneos*]" = "iPhone Developer";
				COPY_PHASE_STRIP = NO;
				DEBUG_INFORMATION_FORMAT = dwarf;
				ENABLE_STRICT_OBJC_MSGSEND = YES;
				ENABLE_TESTABILITY = YES;
				GCC_C_LANGUAGE_STANDARD = gnu99;
				GCC_DYNAMIC_NO_PIC = NO;
				GCC_NO_COMMON_BLOCKS = YES;
				GCC_OPTIMIZATION_LEVEL = 0;
				GCC_PREPROCESSOR_DEFINITIONS = (
					"DEBUG=1",
					"$(inherited)",
				);
				GCC_WARN_64_TO_32_BIT_CONVERSION = YES;
				GCC_WARN_ABOUT_RETURN_TYPE = YES_ERROR;
				GCC_WARN_UNDECLARED_SELECTOR = YES;
				GCC_WARN_UNINITIALIZED_AUTOS = YES_AGGRESSIVE;
				GCC_WARN_UNUSED_FUNCTION = YES;
				GCC_WARN_UNUSED_VARIABLE = YES;
				IPHONEOS_DEPLOYMENT_TARGET = 10.3;
				MTL_ENABLE_DEBUG_INFO = YES;
				ONLY_ACTIVE_ARCH = YES;
				SDKROOT = iphoneos;
				SWIFT_ACTIVE_COMPILATION_CONDITIONS = DEBUG;
				SWIFT_OPTIMIZATION_LEVEL = "-Onone";
			};
			name = Debug;
		};
		DF6616FC1F252EC800FA1942 /* Release */ = {
			isa = XCBuildConfiguration;
			buildSettings = {
				ALWAYS_SEARCH_USER_PATHS = NO;
				CLANG_ANALYZER_NONNULL = YES;
				CLANG_ANALYZER_NUMBER_OBJECT_CONVERSION = YES_AGGRESSIVE;
				CLANG_CXX_LANGUAGE_STANDARD = "gnu++0x";
				CLANG_CXX_LIBRARY = "libc++";
				CLANG_ENABLE_MODULES = YES;
				CLANG_ENABLE_OBJC_ARC = YES;
				CLANG_WARN_BOOL_CONVERSION = YES;
				CLANG_WARN_CONSTANT_CONVERSION = YES;
				CLANG_WARN_DIRECT_OBJC_ISA_USAGE = YES_ERROR;
				CLANG_WARN_DOCUMENTATION_COMMENTS = YES;
				CLANG_WARN_EMPTY_BODY = YES;
				CLANG_WARN_ENUM_CONVERSION = YES;
				CLANG_WARN_INFINITE_RECURSION = YES;
				CLANG_WARN_INT_CONVERSION = YES;
				CLANG_WARN_OBJC_ROOT_CLASS = YES_ERROR;
				CLANG_WARN_SUSPICIOUS_MOVE = YES;
				CLANG_WARN_UNREACHABLE_CODE = YES;
				CLANG_WARN__DUPLICATE_METHOD_MATCH = YES;
				"CODE_SIGN_IDENTITY[sdk=iphoneos*]" = "iPhone Developer";
				COPY_PHASE_STRIP = NO;
				DEBUG_INFORMATION_FORMAT = "dwarf-with-dsym";
				ENABLE_NS_ASSERTIONS = NO;
				ENABLE_STRICT_OBJC_MSGSEND = YES;
				GCC_C_LANGUAGE_STANDARD = gnu99;
				GCC_NO_COMMON_BLOCKS = YES;
				GCC_WARN_64_TO_32_BIT_CONVERSION = YES;
				GCC_WARN_ABOUT_RETURN_TYPE = YES_ERROR;
				GCC_WARN_UNDECLARED_SELECTOR = YES;
				GCC_WARN_UNINITIALIZED_AUTOS = YES_AGGRESSIVE;
				GCC_WARN_UNUSED_FUNCTION = YES;
				GCC_WARN_UNUSED_VARIABLE = YES;
				IPHONEOS_DEPLOYMENT_TARGET = 10.3;
				MTL_ENABLE_DEBUG_INFO = NO;
				SDKROOT = iphoneos;
				SWIFT_OPTIMIZATION_LEVEL = "-Owholemodule";
				VALIDATE_PRODUCT = YES;
			};
			name = Release;
		};
		DF6616FE1F252EC800FA1942 /* Debug */ = {
			isa = XCBuildConfiguration;
			buildSettings = {
				ASSETCATALOG_COMPILER_APPICON_NAME = AppIcon;
				"CODE_SIGN_IDENTITY[sdk=iphoneos*]" = "iPhone Developer";
				CODE_SIGN_STYLE = Automatic;
				DEVELOPMENT_TEAM = N8P95HFNCS;
				INFOPLIST_FILE = Checklists/Info.plist;
				LD_RUNPATH_SEARCH_PATHS = "$(inherited) @executable_path/Frameworks";
				PRODUCT_BUNDLE_IDENTIFIER = de.marcelkraus.checklists;
				PRODUCT_NAME = "$(TARGET_NAME)";
				PROVISIONING_PROFILE_SPECIFIER = "";
				SWIFT_VERSION = 3.0;
			};
			name = Debug;
		};
		DF6616FF1F252EC800FA1942 /* Release */ = {
			isa = XCBuildConfiguration;
			buildSettings = {
				ASSETCATALOG_COMPILER_APPICON_NAME = AppIcon;
				"CODE_SIGN_IDENTITY[sdk=iphoneos*]" = "iPhone Developer";
				CODE_SIGN_STYLE = Automatic;
				DEVELOPMENT_TEAM = N8P95HFNCS;
				INFOPLIST_FILE = Checklists/Info.plist;
				LD_RUNPATH_SEARCH_PATHS = "$(inherited) @executable_path/Frameworks";
				PRODUCT_BUNDLE_IDENTIFIER = de.marcelkraus.checklists;
				PRODUCT_NAME = "$(TARGET_NAME)";
				PROVISIONING_PROFILE_SPECIFIER = "";
				SWIFT_VERSION = 3.0;
			};
			name = Release;
		};
/* End XCBuildConfiguration section */

/* Begin XCConfigurationList section */
		DF6616E61F252EC800FA1942 /* Build configuration list for PBXProject "Checklists" */ = {
			isa = XCConfigurationList;
			buildConfigurations = (
				DF6616FB1F252EC800FA1942 /* Debug */,
				DF6616FC1F252EC800FA1942 /* Release */,
			);
			defaultConfigurationIsVisible = 0;
			defaultConfigurationName = Release;
		};
		DF6616FD1F252EC800FA1942 /* Build configuration list for PBXNativeTarget "Checklists" */ = {
			isa = XCConfigurationList;
			buildConfigurations = (
				DF6616FE1F252EC800FA1942 /* Debug */,
				DF6616FF1F252EC800FA1942 /* Release */,
			);
			defaultConfigurationIsVisible = 0;
			defaultConfigurationName = Release;
		};
/* End XCConfigurationList section */
	};
	rootObject = DF6616E31F252EC800FA1942 /* Project object */;
}
